// !$*UTF8*$!
{
	archiveVersion = 1;
	classes = {
	};
	objectVersion = 54;
	objects = {

/* Begin PBXBuildFile section */
		00E356F31AD99517003FC87E /* FxFAppTests.m in Sources */ = {isa = PBXBuildFile; fileRef = 00E356F21AD99517003FC87E /* FxFAppTests.m */; };
		0C80B921A6F3F58F76C31292 /* libPods-FxFApp.a in Frameworks */ = {isa = PBXBuildFile; fileRef = 5DCACB8F33CDC322A6C60F78 /* libPods-FxFApp.a */; };
		0D3EE5877E8E458E877BF9C6 /* Jost-ExtraBoldItalic.ttf in Resources */ = {isa = PBXBuildFile; fileRef = F1ADFB88B234419E8012D0FC /* Jost-ExtraBoldItalic.ttf */; };
		13B07FBC1A68108700A75B9A /* AppDelegate.mm in Sources */ = {isa = PBXBuildFile; fileRef = 13B07FB01A68108700A75B9A /* AppDelegate.mm */; };
		13B07FBF1A68108700A75B9A /* Images.xcassets in Resources */ = {isa = PBXBuildFile; fileRef = 13B07FB51A68108700A75B9A /* Images.xcassets */; };
		13B07FC11A68108700A75B9A /* main.m in Sources */ = {isa = PBXBuildFile; fileRef = 13B07FB71A68108700A75B9A /* main.m */; };
		34E062C9B5394C169055E5ED /* Jost-BlackItalic.ttf in Resources */ = {isa = PBXBuildFile; fileRef = 53655F72316A4A5AB4F0D4A3 /* Jost-BlackItalic.ttf */; };
		4C533CD6B8F84D24BE213F63 /* Jost-Light.ttf in Resources */ = {isa = PBXBuildFile; fileRef = 3D667B4C2EC94913B3F28183 /* Jost-Light.ttf */; };
		56E894EFCD0745829D79E811 /* Jost-Bold.ttf in Resources */ = {isa = PBXBuildFile; fileRef = 1933F0C2CE514E4494EA7837 /* Jost-Bold.ttf */; };
		57312970523149E58E19BD9A /* Jost-ExtraLightItalic.ttf in Resources */ = {isa = PBXBuildFile; fileRef = 59D6CAF4E6E94735BC72BF79 /* Jost-ExtraLightItalic.ttf */; };
		6DB52880E3744A1889BC6A7B /* Jost-SemiBoldItalic.ttf in Resources */ = {isa = PBXBuildFile; fileRef = 320C3D8500724E7496E42394 /* Jost-SemiBoldItalic.ttf */; };
		7699B88040F8A987B510C191 /* libPods-FxFApp-FxFAppTests.a in Frameworks */ = {isa = PBXBuildFile; fileRef = 19F6CBCC0A4E27FBF8BF4A61 /* libPods-FxFApp-FxFAppTests.a */; };
		81AB9BB82411601600AC10FF /* LaunchScreen.storyboard in Resources */ = {isa = PBXBuildFile; fileRef = 81AB9BB72411601600AC10FF /* LaunchScreen.storyboard */; };
		84D14CDEDDD047B699E985D6 /* Jost-Thin.ttf in Resources */ = {isa = PBXBuildFile; fileRef = 9AA590B030154049B9D39666 /* Jost-Thin.ttf */; };
		977DA375199E4871A7782173 /* Jost-MediumItalic.ttf in Resources */ = {isa = PBXBuildFile; fileRef = 388596C0036043D682B4A1DE /* Jost-MediumItalic.ttf */; };
		985C09E090FD402AA3C73966 /* Jost-LightItalic.ttf in Resources */ = {isa = PBXBuildFile; fileRef = 5041987EED59477CAAB41AB7 /* Jost-LightItalic.ttf */; };
		B08CAA1B9394453C9AFF662A /* Jost-ExtraBold.ttf in Resources */ = {isa = PBXBuildFile; fileRef = 859FC66F0A7440E89A032222 /* Jost-ExtraBold.ttf */; };
		B93258D72B03F2650073D247 /* Octicons.ttf in Resources */ = {isa = PBXBuildFile; fileRef = B93258C42B03F2640073D247 /* Octicons.ttf */; };
		B93258D82B03F2650073D247 /* FontAwesome6_Brands.ttf in Resources */ = {isa = PBXBuildFile; fileRef = B93258C52B03F2640073D247 /* FontAwesome6_Brands.ttf */; };
		B93258D92B03F2650073D247 /* FontAwesome6_Solid.ttf in Resources */ = {isa = PBXBuildFile; fileRef = B93258C62B03F2640073D247 /* FontAwesome6_Solid.ttf */; };
		B93258DA2B03F2650073D247 /* Feather.ttf in Resources */ = {isa = PBXBuildFile; fileRef = B93258C72B03F2640073D247 /* Feather.ttf */; };
		B93258DB2B03F2650073D247 /* Zocial.ttf in Resources */ = {isa = PBXBuildFile; fileRef = B93258C82B03F2640073D247 /* Zocial.ttf */; };
		B93258DC2B03F2650073D247 /* MaterialIcons.ttf in Resources */ = {isa = PBXBuildFile; fileRef = B93258C92B03F2640073D247 /* MaterialIcons.ttf */; };
		B93258DD2B03F2650073D247 /* Fontisto.ttf in Resources */ = {isa = PBXBuildFile; fileRef = B93258CA2B03F2640073D247 /* Fontisto.ttf */; };
		B93258DE2B03F2650073D247 /* SimpleLineIcons.ttf in Resources */ = {isa = PBXBuildFile; fileRef = B93258CB2B03F2640073D247 /* SimpleLineIcons.ttf */; };
		B93258DF2B03F2650073D247 /* Entypo.ttf in Resources */ = {isa = PBXBuildFile; fileRef = B93258CC2B03F2650073D247 /* Entypo.ttf */; };
		B93258E02B03F2650073D247 /* AntDesign.ttf in Resources */ = {isa = PBXBuildFile; fileRef = B93258CD2B03F2650073D247 /* AntDesign.ttf */; };
		B93258E12B03F2650073D247 /* EvilIcons.ttf in Resources */ = {isa = PBXBuildFile; fileRef = B93258CE2B03F2650073D247 /* EvilIcons.ttf */; };
		B93258E22B03F2650073D247 /* Foundation.ttf in Resources */ = {isa = PBXBuildFile; fileRef = B93258CF2B03F2650073D247 /* Foundation.ttf */; };
		B93258E32B03F2650073D247 /* Ionicons.ttf in Resources */ = {isa = PBXBuildFile; fileRef = B93258D02B03F2650073D247 /* Ionicons.ttf */; };
		B93258E42B03F2650073D247 /* FontAwesome5_Solid.ttf in Resources */ = {isa = PBXBuildFile; fileRef = B93258D12B03F2650073D247 /* FontAwesome5_Solid.ttf */; };
		B93258E52B03F2650073D247 /* FontAwesome.ttf in Resources */ = {isa = PBXBuildFile; fileRef = B93258D22B03F2650073D247 /* FontAwesome.ttf */; };
		B93258E62B03F2650073D247 /* FontAwesome5_Brands.ttf in Resources */ = {isa = PBXBuildFile; fileRef = B93258D32B03F2650073D247 /* FontAwesome5_Brands.ttf */; };
		B93258E72B03F2650073D247 /* MaterialCommunityIcons.ttf in Resources */ = {isa = PBXBuildFile; fileRef = B93258D42B03F2650073D247 /* MaterialCommunityIcons.ttf */; };
		B93258E82B03F2650073D247 /* FontAwesome6_Regular.ttf in Resources */ = {isa = PBXBuildFile; fileRef = B93258D52B03F2650073D247 /* FontAwesome6_Regular.ttf */; };
		B93258E92B03F2650073D247 /* FontAwesome5_Regular.ttf in Resources */ = {isa = PBXBuildFile; fileRef = B93258D62B03F2650073D247 /* FontAwesome5_Regular.ttf */; };
		BAE26A697B9047DF8A28A310 /* Jost-BoldItalic.ttf in Resources */ = {isa = PBXBuildFile; fileRef = 588AACB915634606B00B3A3B /* Jost-BoldItalic.ttf */; };
		D74CEA048D9A47C299F8055D /* Jost-Italic.ttf in Resources */ = {isa = PBXBuildFile; fileRef = 6100549C0A3F46C1BF68EDCF /* Jost-Italic.ttf */; };
		E19C5792F4A14D5BA4CF54D0 /* Jost-ExtraLight.ttf in Resources */ = {isa = PBXBuildFile; fileRef = ACFFADA28A6A4D16BF170C8A /* Jost-ExtraLight.ttf */; };
		E7D0B902D974442AAAB7AC65 /* Jost-ThinItalic.ttf in Resources */ = {isa = PBXBuildFile; fileRef = F5258255BC1E447F93505A29 /* Jost-ThinItalic.ttf */; };
		E8E9BB87361844E7B9285792 /* Jost-Medium.ttf in Resources */ = {isa = PBXBuildFile; fileRef = 9888E49835474A8488594096 /* Jost-Medium.ttf */; };
		F36175B0BDB34C8DB70863CD /* Jost-SemiBold.ttf in Resources */ = {isa = PBXBuildFile; fileRef = A9978A5722854A7E9FD80734 /* Jost-SemiBold.ttf */; };
		F970376D0F344DECB1C0615A /* Jost-Regular.ttf in Resources */ = {isa = PBXBuildFile; fileRef = AFF50CECCE0F4587A1778865 /* Jost-Regular.ttf */; };
		FE39B4225B054CBA899DE2F0 /* Jost-Black.ttf in Resources */ = {isa = PBXBuildFile; fileRef = 0F3053B324214AC1A6BE0587 /* Jost-Black.ttf */; };
/* End PBXBuildFile section */

/* Begin PBXContainerItemProxy section */
		00E356F41AD99517003FC87E /* PBXContainerItemProxy */ = {
			isa = PBXContainerItemProxy;
			containerPortal = 83CBB9F71A601CBA00E9B192 /* Project object */;
			proxyType = 1;
			remoteGlobalIDString = 13B07F861A680F5B00A75B9A;
			remoteInfo = FxFApp;
		};
/* End PBXContainerItemProxy section */

/* Begin PBXFileReference section */
		00E356EE1AD99517003FC87E /* FxFAppTests.xctest */ = {isa = PBXFileReference; explicitFileType = wrapper.cfbundle; includeInIndex = 0; path = FxFAppTests.xctest; sourceTree = BUILT_PRODUCTS_DIR; };
		00E356F11AD99517003FC87E /* Info.plist */ = {isa = PBXFileReference; lastKnownFileType = text.plist.xml; path = Info.plist; sourceTree = "<group>"; };
		00E356F21AD99517003FC87E /* FxFAppTests.m */ = {isa = PBXFileReference; lastKnownFileType = sourcecode.c.objc; path = FxFAppTests.m; sourceTree = "<group>"; };
		0F3053B324214AC1A6BE0587 /* Jost-Black.ttf */ = {isa = PBXFileReference; explicitFileType = undefined; fileEncoding = undefined; includeInIndex = 0; lastKnownFileType = unknown; name = "Jost-Black.ttf"; path = "../src/assets/fonts/Jost-Black.ttf"; sourceTree = "<group>"; };
		13B07F961A680F5B00A75B9A /* FxFApp.app */ = {isa = PBXFileReference; explicitFileType = wrapper.application; includeInIndex = 0; path = FxFApp.app; sourceTree = BUILT_PRODUCTS_DIR; };
		13B07FAF1A68108700A75B9A /* AppDelegate.h */ = {isa = PBXFileReference; fileEncoding = 4; lastKnownFileType = sourcecode.c.h; name = AppDelegate.h; path = FxFApp/AppDelegate.h; sourceTree = "<group>"; };
		13B07FB01A68108700A75B9A /* AppDelegate.mm */ = {isa = PBXFileReference; fileEncoding = 4; lastKnownFileType = sourcecode.cpp.objcpp; name = AppDelegate.mm; path = FxFApp/AppDelegate.mm; sourceTree = "<group>"; };
		13B07FB51A68108700A75B9A /* Images.xcassets */ = {isa = PBXFileReference; lastKnownFileType = folder.assetcatalog; name = Images.xcassets; path = FxFApp/Images.xcassets; sourceTree = "<group>"; };
		13B07FB61A68108700A75B9A /* Info.plist */ = {isa = PBXFileReference; fileEncoding = 4; lastKnownFileType = text.plist.xml; name = Info.plist; path = FxFApp/Info.plist; sourceTree = "<group>"; };
		13B07FB71A68108700A75B9A /* main.m */ = {isa = PBXFileReference; fileEncoding = 4; lastKnownFileType = sourcecode.c.objc; name = main.m; path = FxFApp/main.m; sourceTree = "<group>"; };
		1933F0C2CE514E4494EA7837 /* Jost-Bold.ttf */ = {isa = PBXFileReference; explicitFileType = undefined; fileEncoding = undefined; includeInIndex = 0; lastKnownFileType = unknown; name = "Jost-Bold.ttf"; path = "../src/assets/fonts/Jost-Bold.ttf"; sourceTree = "<group>"; };
		19F6CBCC0A4E27FBF8BF4A61 /* libPods-FxFApp-FxFAppTests.a */ = {isa = PBXFileReference; explicitFileType = archive.ar; includeInIndex = 0; path = "libPods-FxFApp-FxFAppTests.a"; sourceTree = BUILT_PRODUCTS_DIR; };
		320C3D8500724E7496E42394 /* Jost-SemiBoldItalic.ttf */ = {isa = PBXFileReference; explicitFileType = undefined; fileEncoding = undefined; includeInIndex = 0; lastKnownFileType = unknown; name = "Jost-SemiBoldItalic.ttf"; path = "../src/assets/fonts/Jost-SemiBoldItalic.ttf"; sourceTree = "<group>"; };
		388596C0036043D682B4A1DE /* Jost-MediumItalic.ttf */ = {isa = PBXFileReference; explicitFileType = undefined; fileEncoding = undefined; includeInIndex = 0; lastKnownFileType = unknown; name = "Jost-MediumItalic.ttf"; path = "../src/assets/fonts/Jost-MediumItalic.ttf"; sourceTree = "<group>"; };
		3B4392A12AC88292D35C810B /* Pods-FxFApp.debug.xcconfig */ = {isa = PBXFileReference; includeInIndex = 1; lastKnownFileType = text.xcconfig; name = "Pods-FxFApp.debug.xcconfig"; path = "Target Support Files/Pods-FxFApp/Pods-FxFApp.debug.xcconfig"; sourceTree = "<group>"; };
		3D667B4C2EC94913B3F28183 /* Jost-Light.ttf */ = {isa = PBXFileReference; explicitFileType = undefined; fileEncoding = undefined; includeInIndex = 0; lastKnownFileType = unknown; name = "Jost-Light.ttf"; path = "../src/assets/fonts/Jost-Light.ttf"; sourceTree = "<group>"; };
		5041987EED59477CAAB41AB7 /* Jost-LightItalic.ttf */ = {isa = PBXFileReference; explicitFileType = undefined; fileEncoding = undefined; includeInIndex = 0; lastKnownFileType = unknown; name = "Jost-LightItalic.ttf"; path = "../src/assets/fonts/Jost-LightItalic.ttf"; sourceTree = "<group>"; };
		53655F72316A4A5AB4F0D4A3 /* Jost-BlackItalic.ttf */ = {isa = PBXFileReference; explicitFileType = undefined; fileEncoding = undefined; includeInIndex = 0; lastKnownFileType = unknown; name = "Jost-BlackItalic.ttf"; path = "../src/assets/fonts/Jost-BlackItalic.ttf"; sourceTree = "<group>"; };
		5709B34CF0A7D63546082F79 /* Pods-FxFApp.release.xcconfig */ = {isa = PBXFileReference; includeInIndex = 1; lastKnownFileType = text.xcconfig; name = "Pods-FxFApp.release.xcconfig"; path = "Target Support Files/Pods-FxFApp/Pods-FxFApp.release.xcconfig"; sourceTree = "<group>"; };
		588AACB915634606B00B3A3B /* Jost-BoldItalic.ttf */ = {isa = PBXFileReference; explicitFileType = undefined; fileEncoding = undefined; includeInIndex = 0; lastKnownFileType = unknown; name = "Jost-BoldItalic.ttf"; path = "../src/assets/fonts/Jost-BoldItalic.ttf"; sourceTree = "<group>"; };
		59D6CAF4E6E94735BC72BF79 /* Jost-ExtraLightItalic.ttf */ = {isa = PBXFileReference; explicitFileType = undefined; fileEncoding = undefined; includeInIndex = 0; lastKnownFileType = unknown; name = "Jost-ExtraLightItalic.ttf"; path = "../src/assets/fonts/Jost-ExtraLightItalic.ttf"; sourceTree = "<group>"; };
		5B7EB9410499542E8C5724F5 /* Pods-FxFApp-FxFAppTests.debug.xcconfig */ = {isa = PBXFileReference; includeInIndex = 1; lastKnownFileType = text.xcconfig; name = "Pods-FxFApp-FxFAppTests.debug.xcconfig"; path = "Target Support Files/Pods-FxFApp-FxFAppTests/Pods-FxFApp-FxFAppTests.debug.xcconfig"; sourceTree = "<group>"; };
		5DCACB8F33CDC322A6C60F78 /* libPods-FxFApp.a */ = {isa = PBXFileReference; explicitFileType = archive.ar; includeInIndex = 0; path = "libPods-FxFApp.a"; sourceTree = BUILT_PRODUCTS_DIR; };
		6100549C0A3F46C1BF68EDCF /* Jost-Italic.ttf */ = {isa = PBXFileReference; explicitFileType = undefined; fileEncoding = undefined; includeInIndex = 0; lastKnownFileType = unknown; name = "Jost-Italic.ttf"; path = "../src/assets/fonts/Jost-Italic.ttf"; sourceTree = "<group>"; };
		81AB9BB72411601600AC10FF /* LaunchScreen.storyboard */ = {isa = PBXFileReference; fileEncoding = 4; lastKnownFileType = file.storyboard; name = LaunchScreen.storyboard; path = FxFApp/LaunchScreen.storyboard; sourceTree = "<group>"; };
		859FC66F0A7440E89A032222 /* Jost-ExtraBold.ttf */ = {isa = PBXFileReference; explicitFileType = undefined; fileEncoding = undefined; includeInIndex = 0; lastKnownFileType = unknown; name = "Jost-ExtraBold.ttf"; path = "../src/assets/fonts/Jost-ExtraBold.ttf"; sourceTree = "<group>"; };
		89C6BE57DB24E9ADA2F236DE /* Pods-FxFApp-FxFAppTests.release.xcconfig */ = {isa = PBXFileReference; includeInIndex = 1; lastKnownFileType = text.xcconfig; name = "Pods-FxFApp-FxFAppTests.release.xcconfig"; path = "Target Support Files/Pods-FxFApp-FxFAppTests/Pods-FxFApp-FxFAppTests.release.xcconfig"; sourceTree = "<group>"; };
		9888E49835474A8488594096 /* Jost-Medium.ttf */ = {isa = PBXFileReference; explicitFileType = undefined; fileEncoding = undefined; includeInIndex = 0; lastKnownFileType = unknown; name = "Jost-Medium.ttf"; path = "../src/assets/fonts/Jost-Medium.ttf"; sourceTree = "<group>"; };
		9AA590B030154049B9D39666 /* Jost-Thin.ttf */ = {isa = PBXFileReference; explicitFileType = undefined; fileEncoding = undefined; includeInIndex = 0; lastKnownFileType = unknown; name = "Jost-Thin.ttf"; path = "../src/assets/fonts/Jost-Thin.ttf"; sourceTree = "<group>"; };
		A9978A5722854A7E9FD80734 /* Jost-SemiBold.ttf */ = {isa = PBXFileReference; explicitFileType = undefined; fileEncoding = undefined; includeInIndex = 0; lastKnownFileType = unknown; name = "Jost-SemiBold.ttf"; path = "../src/assets/fonts/Jost-SemiBold.ttf"; sourceTree = "<group>"; };
		ACFFADA28A6A4D16BF170C8A /* Jost-ExtraLight.ttf */ = {isa = PBXFileReference; explicitFileType = undefined; fileEncoding = undefined; includeInIndex = 0; lastKnownFileType = unknown; name = "Jost-ExtraLight.ttf"; path = "../src/assets/fonts/Jost-ExtraLight.ttf"; sourceTree = "<group>"; };
		AFF50CECCE0F4587A1778865 /* Jost-Regular.ttf */ = {isa = PBXFileReference; explicitFileType = undefined; fileEncoding = undefined; includeInIndex = 0; lastKnownFileType = unknown; name = "Jost-Regular.ttf"; path = "../src/assets/fonts/Jost-Regular.ttf"; sourceTree = "<group>"; };
		B93258C42B03F2640073D247 /* Octicons.ttf */ = {isa = PBXFileReference; lastKnownFileType = file; name = Octicons.ttf; path = "../node_modules/react-native-vector-icons/Fonts/Octicons.ttf"; sourceTree = "<group>"; };
		B93258C52B03F2640073D247 /* FontAwesome6_Brands.ttf */ = {isa = PBXFileReference; lastKnownFileType = file; name = FontAwesome6_Brands.ttf; path = "../node_modules/react-native-vector-icons/Fonts/FontAwesome6_Brands.ttf"; sourceTree = "<group>"; };
		B93258C62B03F2640073D247 /* FontAwesome6_Solid.ttf */ = {isa = PBXFileReference; lastKnownFileType = file; name = FontAwesome6_Solid.ttf; path = "../node_modules/react-native-vector-icons/Fonts/FontAwesome6_Solid.ttf"; sourceTree = "<group>"; };
		B93258C72B03F2640073D247 /* Feather.ttf */ = {isa = PBXFileReference; lastKnownFileType = file; name = Feather.ttf; path = "../node_modules/react-native-vector-icons/Fonts/Feather.ttf"; sourceTree = "<group>"; };
		B93258C82B03F2640073D247 /* Zocial.ttf */ = {isa = PBXFileReference; lastKnownFileType = file; name = Zocial.ttf; path = "../node_modules/react-native-vector-icons/Fonts/Zocial.ttf"; sourceTree = "<group>"; };
		B93258C92B03F2640073D247 /* MaterialIcons.ttf */ = {isa = PBXFileReference; lastKnownFileType = file; name = MaterialIcons.ttf; path = "../node_modules/react-native-vector-icons/Fonts/MaterialIcons.ttf"; sourceTree = "<group>"; };
		B93258CA2B03F2640073D247 /* Fontisto.ttf */ = {isa = PBXFileReference; lastKnownFileType = file; name = Fontisto.ttf; path = "../node_modules/react-native-vector-icons/Fonts/Fontisto.ttf"; sourceTree = "<group>"; };
		B93258CB2B03F2640073D247 /* SimpleLineIcons.ttf */ = {isa = PBXFileReference; lastKnownFileType = file; name = SimpleLineIcons.ttf; path = "../node_modules/react-native-vector-icons/Fonts/SimpleLineIcons.ttf"; sourceTree = "<group>"; };
		B93258CC2B03F2650073D247 /* Entypo.ttf */ = {isa = PBXFileReference; lastKnownFileType = file; name = Entypo.ttf; path = "../node_modules/react-native-vector-icons/Fonts/Entypo.ttf"; sourceTree = "<group>"; };
		B93258CD2B03F2650073D247 /* AntDesign.ttf */ = {isa = PBXFileReference; lastKnownFileType = file; name = AntDesign.ttf; path = "../node_modules/react-native-vector-icons/Fonts/AntDesign.ttf"; sourceTree = "<group>"; };
		B93258CE2B03F2650073D247 /* EvilIcons.ttf */ = {isa = PBXFileReference; lastKnownFileType = file; name = EvilIcons.ttf; path = "../node_modules/react-native-vector-icons/Fonts/EvilIcons.ttf"; sourceTree = "<group>"; };
		B93258CF2B03F2650073D247 /* Foundation.ttf */ = {isa = PBXFileReference; lastKnownFileType = file; name = Foundation.ttf; path = "../node_modules/react-native-vector-icons/Fonts/Foundation.ttf"; sourceTree = "<group>"; };
		B93258D02B03F2650073D247 /* Ionicons.ttf */ = {isa = PBXFileReference; lastKnownFileType = file; name = Ionicons.ttf; path = "../node_modules/react-native-vector-icons/Fonts/Ionicons.ttf"; sourceTree = "<group>"; };
		B93258D12B03F2650073D247 /* FontAwesome5_Solid.ttf */ = {isa = PBXFileReference; lastKnownFileType = file; name = FontAwesome5_Solid.ttf; path = "../node_modules/react-native-vector-icons/Fonts/FontAwesome5_Solid.ttf"; sourceTree = "<group>"; };
		B93258D22B03F2650073D247 /* FontAwesome.ttf */ = {isa = PBXFileReference; lastKnownFileType = file; name = FontAwesome.ttf; path = "../node_modules/react-native-vector-icons/Fonts/FontAwesome.ttf"; sourceTree = "<group>"; };
		B93258D32B03F2650073D247 /* FontAwesome5_Brands.ttf */ = {isa = PBXFileReference; lastKnownFileType = file; name = FontAwesome5_Brands.ttf; path = "../node_modules/react-native-vector-icons/Fonts/FontAwesome5_Brands.ttf"; sourceTree = "<group>"; };
		B93258D42B03F2650073D247 /* MaterialCommunityIcons.ttf */ = {isa = PBXFileReference; lastKnownFileType = file; name = MaterialCommunityIcons.ttf; path = "../node_modules/react-native-vector-icons/Fonts/MaterialCommunityIcons.ttf"; sourceTree = "<group>"; };
		B93258D52B03F2650073D247 /* FontAwesome6_Regular.ttf */ = {isa = PBXFileReference; lastKnownFileType = file; name = FontAwesome6_Regular.ttf; path = "../node_modules/react-native-vector-icons/Fonts/FontAwesome6_Regular.ttf"; sourceTree = "<group>"; };
		B93258D62B03F2650073D247 /* FontAwesome5_Regular.ttf */ = {isa = PBXFileReference; lastKnownFileType = file; name = FontAwesome5_Regular.ttf; path = "../node_modules/react-native-vector-icons/Fonts/FontAwesome5_Regular.ttf"; sourceTree = "<group>"; };
		ED297162215061F000B7C4FE /* JavaScriptCore.framework */ = {isa = PBXFileReference; lastKnownFileType = wrapper.framework; name = JavaScriptCore.framework; path = System/Library/Frameworks/JavaScriptCore.framework; sourceTree = SDKROOT; };
		F1ADFB88B234419E8012D0FC /* Jost-ExtraBoldItalic.ttf */ = {isa = PBXFileReference; explicitFileType = undefined; fileEncoding = undefined; includeInIndex = 0; lastKnownFileType = unknown; name = "Jost-ExtraBoldItalic.ttf"; path = "../src/assets/fonts/Jost-ExtraBoldItalic.ttf"; sourceTree = "<group>"; };
		F5258255BC1E447F93505A29 /* Jost-ThinItalic.ttf */ = {isa = PBXFileReference; explicitFileType = undefined; fileEncoding = undefined; includeInIndex = 0; lastKnownFileType = unknown; name = "Jost-ThinItalic.ttf"; path = "../src/assets/fonts/Jost-ThinItalic.ttf"; sourceTree = "<group>"; };
/* End PBXFileReference section */

/* Begin PBXFrameworksBuildPhase section */
		00E356EB1AD99517003FC87E /* Frameworks */ = {
			isa = PBXFrameworksBuildPhase;
			buildActionMask = 2147483647;
			files = (
				7699B88040F8A987B510C191 /* libPods-FxFApp-FxFAppTests.a in Frameworks */,
			);
			runOnlyForDeploymentPostprocessing = 0;
		};
		13B07F8C1A680F5B00A75B9A /* Frameworks */ = {
			isa = PBXFrameworksBuildPhase;
			buildActionMask = 2147483647;
			files = (
				0C80B921A6F3F58F76C31292 /* libPods-FxFApp.a in Frameworks */,
			);
			runOnlyForDeploymentPostprocessing = 0;
		};
/* End PBXFrameworksBuildPhase section */

/* Begin PBXGroup section */
		00E356EF1AD99517003FC87E /* FxFAppTests */ = {
			isa = PBXGroup;
			children = (
				00E356F21AD99517003FC87E /* FxFAppTests.m */,
				00E356F01AD99517003FC87E /* Supporting Files */,
			);
			path = FxFAppTests;
			sourceTree = "<group>";
		};
		00E356F01AD99517003FC87E /* Supporting Files */ = {
			isa = PBXGroup;
			children = (
				00E356F11AD99517003FC87E /* Info.plist */,
			);
			name = "Supporting Files";
			sourceTree = "<group>";
		};
		13B07FAE1A68108700A75B9A /* FxFApp */ = {
			isa = PBXGroup;
			children = (
				B93258C32B03F1870073D247 /* Fonts */,
				13B07FAF1A68108700A75B9A /* AppDelegate.h */,
				13B07FB01A68108700A75B9A /* AppDelegate.mm */,
				13B07FB51A68108700A75B9A /* Images.xcassets */,
				13B07FB61A68108700A75B9A /* Info.plist */,
				81AB9BB72411601600AC10FF /* LaunchScreen.storyboard */,
				13B07FB71A68108700A75B9A /* main.m */,
			);
			name = FxFApp;
			sourceTree = "<group>";
		};
		2D16E6871FA4F8E400B85C8A /* Frameworks */ = {
			isa = PBXGroup;
			children = (
				ED297162215061F000B7C4FE /* JavaScriptCore.framework */,
				5DCACB8F33CDC322A6C60F78 /* libPods-FxFApp.a */,
				19F6CBCC0A4E27FBF8BF4A61 /* libPods-FxFApp-FxFAppTests.a */,
			);
			name = Frameworks;
			sourceTree = "<group>";
		};
		318C746D8C3C44BBA120F9A7 /* Resources */ = {
			isa = PBXGroup;
			children = (
				0F3053B324214AC1A6BE0587 /* Jost-Black.ttf */,
				53655F72316A4A5AB4F0D4A3 /* Jost-BlackItalic.ttf */,
				1933F0C2CE514E4494EA7837 /* Jost-Bold.ttf */,
				588AACB915634606B00B3A3B /* Jost-BoldItalic.ttf */,
				859FC66F0A7440E89A032222 /* Jost-ExtraBold.ttf */,
				F1ADFB88B234419E8012D0FC /* Jost-ExtraBoldItalic.ttf */,
				ACFFADA28A6A4D16BF170C8A /* Jost-ExtraLight.ttf */,
				59D6CAF4E6E94735BC72BF79 /* Jost-ExtraLightItalic.ttf */,
				6100549C0A3F46C1BF68EDCF /* Jost-Italic.ttf */,
				3D667B4C2EC94913B3F28183 /* Jost-Light.ttf */,
				5041987EED59477CAAB41AB7 /* Jost-LightItalic.ttf */,
				9888E49835474A8488594096 /* Jost-Medium.ttf */,
				388596C0036043D682B4A1DE /* Jost-MediumItalic.ttf */,
				AFF50CECCE0F4587A1778865 /* Jost-Regular.ttf */,
				A9978A5722854A7E9FD80734 /* Jost-SemiBold.ttf */,
				320C3D8500724E7496E42394 /* Jost-SemiBoldItalic.ttf */,
				9AA590B030154049B9D39666 /* Jost-Thin.ttf */,
				F5258255BC1E447F93505A29 /* Jost-ThinItalic.ttf */,
			);
			name = Resources;
			sourceTree = "<group>";
		};
		832341AE1AAA6A7D00B99B32 /* Libraries */ = {
			isa = PBXGroup;
			children = (
			);
			name = Libraries;
			sourceTree = "<group>";
		};
		83CBB9F61A601CBA00E9B192 = {
			isa = PBXGroup;
			children = (
				13B07FAE1A68108700A75B9A /* FxFApp */,
				832341AE1AAA6A7D00B99B32 /* Libraries */,
				00E356EF1AD99517003FC87E /* FxFAppTests */,
				83CBBA001A601CBA00E9B192 /* Products */,
				2D16E6871FA4F8E400B85C8A /* Frameworks */,
				BBD78D7AC51CEA395F1C20DB /* Pods */,
				318C746D8C3C44BBA120F9A7 /* Resources */,
			);
			indentWidth = 2;
			sourceTree = "<group>";
			tabWidth = 2;
			usesTabs = 0;
		};
		83CBBA001A601CBA00E9B192 /* Products */ = {
			isa = PBXGroup;
			children = (
				13B07F961A680F5B00A75B9A /* FxFApp.app */,
				00E356EE1AD99517003FC87E /* FxFAppTests.xctest */,
			);
			name = Products;
			sourceTree = "<group>";
		};
		B93258C32B03F1870073D247 /* Fonts */ = {
			isa = PBXGroup;
			children = (
				B93258CD2B03F2650073D247 /* AntDesign.ttf */,
				B93258CC2B03F2650073D247 /* Entypo.ttf */,
				B93258CE2B03F2650073D247 /* EvilIcons.ttf */,
				B93258C72B03F2640073D247 /* Feather.ttf */,
				B93258D22B03F2650073D247 /* FontAwesome.ttf */,
				B93258D32B03F2650073D247 /* FontAwesome5_Brands.ttf */,
				B93258D62B03F2650073D247 /* FontAwesome5_Regular.ttf */,
				B93258D12B03F2650073D247 /* FontAwesome5_Solid.ttf */,
				B93258C52B03F2640073D247 /* FontAwesome6_Brands.ttf */,
				B93258D52B03F2650073D247 /* FontAwesome6_Regular.ttf */,
				B93258C62B03F2640073D247 /* FontAwesome6_Solid.ttf */,
				B93258CA2B03F2640073D247 /* Fontisto.ttf */,
				B93258CF2B03F2650073D247 /* Foundation.ttf */,
				B93258D02B03F2650073D247 /* Ionicons.ttf */,
				B93258D42B03F2650073D247 /* MaterialCommunityIcons.ttf */,
				B93258C92B03F2640073D247 /* MaterialIcons.ttf */,
				B93258C42B03F2640073D247 /* Octicons.ttf */,
				B93258CB2B03F2640073D247 /* SimpleLineIcons.ttf */,
				B93258C82B03F2640073D247 /* Zocial.ttf */,
			);
			name = Fonts;
			sourceTree = "<group>";
		};
		BBD78D7AC51CEA395F1C20DB /* Pods */ = {
			isa = PBXGroup;
			children = (
				3B4392A12AC88292D35C810B /* Pods-FxFApp.debug.xcconfig */,
				5709B34CF0A7D63546082F79 /* Pods-FxFApp.release.xcconfig */,
				5B7EB9410499542E8C5724F5 /* Pods-FxFApp-FxFAppTests.debug.xcconfig */,
				89C6BE57DB24E9ADA2F236DE /* Pods-FxFApp-FxFAppTests.release.xcconfig */,
			);
			path = Pods;
			sourceTree = "<group>";
		};
/* End PBXGroup section */

/* Begin PBXNativeTarget section */
		00E356ED1AD99517003FC87E /* FxFAppTests */ = {
			isa = PBXNativeTarget;
			buildConfigurationList = 00E357021AD99517003FC87E /* Build configuration list for PBXNativeTarget "FxFAppTests" */;
			buildPhases = (
				A55EABD7B0C7F3A422A6CC61 /* [CP] Check Pods Manifest.lock */,
				00E356EA1AD99517003FC87E /* Sources */,
				00E356EB1AD99517003FC87E /* Frameworks */,
				00E356EC1AD99517003FC87E /* Resources */,
				C59DA0FBD6956966B86A3779 /* [CP] Embed Pods Frameworks */,
				F6A41C54EA430FDDC6A6ED99 /* [CP] Copy Pods Resources */,
			);
			buildRules = (
			);
			dependencies = (
				00E356F51AD99517003FC87E /* PBXTargetDependency */,
			);
			name = FxFAppTests;
			productName = FxFAppTests;
			productReference = 00E356EE1AD99517003FC87E /* FxFAppTests.xctest */;
			productType = "com.apple.product-type.bundle.unit-test";
		};
		13B07F861A680F5B00A75B9A /* FxFApp */ = {
			isa = PBXNativeTarget;
			buildConfigurationList = 13B07F931A680F5B00A75B9A /* Build configuration list for PBXNativeTarget "FxFApp" */;
			buildPhases = (
				C38B50BA6285516D6DCD4F65 /* [CP] Check Pods Manifest.lock */,
				FD10A7F022414F080027D42C /* Start Packager */,
				13B07F871A680F5B00A75B9A /* Sources */,
				13B07F8C1A680F5B00A75B9A /* Frameworks */,
				13B07F8E1A680F5B00A75B9A /* Resources */,
				00DD1BFF1BD5951E006B06BC /* Bundle React Native code and images */,
				00EEFC60759A1932668264C0 /* [CP] Embed Pods Frameworks */,
				E235C05ADACE081382539298 /* [CP] Copy Pods Resources */,
			);
			buildRules = (
			);
			dependencies = (
			);
			name = FxFApp;
			productName = FxFApp;
			productReference = 13B07F961A680F5B00A75B9A /* FxFApp.app */;
			productType = "com.apple.product-type.application";
		};
/* End PBXNativeTarget section */

/* Begin PBXProject section */
		83CBB9F71A601CBA00E9B192 /* Project object */ = {
			isa = PBXProject;
			attributes = {
				LastUpgradeCheck = 1210;
				TargetAttributes = {
					00E356ED1AD99517003FC87E = {
						CreatedOnToolsVersion = 6.2;
						TestTargetID = 13B07F861A680F5B00A75B9A;
					};
					13B07F861A680F5B00A75B9A = {
						LastSwiftMigration = 1120;
					};
				};
			};
			buildConfigurationList = 83CBB9FA1A601CBA00E9B192 /* Build configuration list for PBXProject "FxFApp" */;
			compatibilityVersion = "Xcode 12.0";
			developmentRegion = en;
			hasScannedForEncodings = 0;
			knownRegions = (
				en,
				Base,
			);
			mainGroup = 83CBB9F61A601CBA00E9B192;
			productRefGroup = 83CBBA001A601CBA00E9B192 /* Products */;
			projectDirPath = "";
			projectRoot = "";
			targets = (
				13B07F861A680F5B00A75B9A /* FxFApp */,
				00E356ED1AD99517003FC87E /* FxFAppTests */,
			);
		};
/* End PBXProject section */

/* Begin PBXResourcesBuildPhase section */
		00E356EC1AD99517003FC87E /* Resources */ = {
			isa = PBXResourcesBuildPhase;
			buildActionMask = 2147483647;
			files = (
			);
			runOnlyForDeploymentPostprocessing = 0;
		};
		13B07F8E1A680F5B00A75B9A /* Resources */ = {
			isa = PBXResourcesBuildPhase;
			buildActionMask = 2147483647;
			files = (
				81AB9BB82411601600AC10FF /* LaunchScreen.storyboard in Resources */,
				B93258E52B03F2650073D247 /* FontAwesome.ttf in Resources */,
				B93258E22B03F2650073D247 /* Foundation.ttf in Resources */,
				B93258E32B03F2650073D247 /* Ionicons.ttf in Resources */,
				13B07FBF1A68108700A75B9A /* Images.xcassets in Resources */,
				B93258DB2B03F2650073D247 /* Zocial.ttf in Resources */,
				B93258E12B03F2650073D247 /* EvilIcons.ttf in Resources */,
				B93258DC2B03F2650073D247 /* MaterialIcons.ttf in Resources */,
				B93258DF2B03F2650073D247 /* Entypo.ttf in Resources */,
				B93258DE2B03F2650073D247 /* SimpleLineIcons.ttf in Resources */,
				B93258E82B03F2650073D247 /* FontAwesome6_Regular.ttf in Resources */,
				B93258E92B03F2650073D247 /* FontAwesome5_Regular.ttf in Resources */,
				B93258DD2B03F2650073D247 /* Fontisto.ttf in Resources */,
				B93258D92B03F2650073D247 /* FontAwesome6_Solid.ttf in Resources */,
				B93258D72B03F2650073D247 /* Octicons.ttf in Resources */,
				B93258E62B03F2650073D247 /* FontAwesome5_Brands.ttf in Resources */,
				B93258DA2B03F2650073D247 /* Feather.ttf in Resources */,
				B93258E72B03F2650073D247 /* MaterialCommunityIcons.ttf in Resources */,
				B93258E02B03F2650073D247 /* AntDesign.ttf in Resources */,
				B93258D82B03F2650073D247 /* FontAwesome6_Brands.ttf in Resources */,
				B93258E42B03F2650073D247 /* FontAwesome5_Solid.ttf in Resources */,
				FE39B4225B054CBA899DE2F0 /* Jost-Black.ttf in Resources */,
				34E062C9B5394C169055E5ED /* Jost-BlackItalic.ttf in Resources */,
				56E894EFCD0745829D79E811 /* Jost-Bold.ttf in Resources */,
				BAE26A697B9047DF8A28A310 /* Jost-BoldItalic.ttf in Resources */,
				B08CAA1B9394453C9AFF662A /* Jost-ExtraBold.ttf in Resources */,
				0D3EE5877E8E458E877BF9C6 /* Jost-ExtraBoldItalic.ttf in Resources */,
				E19C5792F4A14D5BA4CF54D0 /* Jost-ExtraLight.ttf in Resources */,
				57312970523149E58E19BD9A /* Jost-ExtraLightItalic.ttf in Resources */,
				D74CEA048D9A47C299F8055D /* Jost-Italic.ttf in Resources */,
				4C533CD6B8F84D24BE213F63 /* Jost-Light.ttf in Resources */,
				985C09E090FD402AA3C73966 /* Jost-LightItalic.ttf in Resources */,
				E8E9BB87361844E7B9285792 /* Jost-Medium.ttf in Resources */,
				977DA375199E4871A7782173 /* Jost-MediumItalic.ttf in Resources */,
				F970376D0F344DECB1C0615A /* Jost-Regular.ttf in Resources */,
				F36175B0BDB34C8DB70863CD /* Jost-SemiBold.ttf in Resources */,
				6DB52880E3744A1889BC6A7B /* Jost-SemiBoldItalic.ttf in Resources */,
				84D14CDEDDD047B699E985D6 /* Jost-Thin.ttf in Resources */,
				E7D0B902D974442AAAB7AC65 /* Jost-ThinItalic.ttf in Resources */,
			);
			runOnlyForDeploymentPostprocessing = 0;
		};
/* End PBXResourcesBuildPhase section */

/* Begin PBXShellScriptBuildPhase section */
		00DD1BFF1BD5951E006B06BC /* Bundle React Native code and images */ = {
			isa = PBXShellScriptBuildPhase;
			buildActionMask = 2147483647;
			files = (
			);
			inputPaths = (
				"$(SRCROOT)/.xcode.env.local",
				"$(SRCROOT)/.xcode.env",
			);
			name = "Bundle React Native code and images";
			outputPaths = (
			);
			runOnlyForDeploymentPostprocessing = 0;
			shellPath = /bin/sh;
			shellScript = "set -e\n\nWITH_ENVIRONMENT=\"../node_modules/react-native/scripts/xcode/with-environment.sh\"\nREACT_NATIVE_XCODE=\"../node_modules/react-native/scripts/react-native-xcode.sh\"\n\n/bin/sh -c \"$WITH_ENVIRONMENT $REACT_NATIVE_XCODE\"\n";
		};
		00EEFC60759A1932668264C0 /* [CP] Embed Pods Frameworks */ = {
			isa = PBXShellScriptBuildPhase;
			buildActionMask = 2147483647;
			files = (
			);
			inputFileListPaths = (
				"${PODS_ROOT}/Target Support Files/Pods-FxFApp/Pods-FxFApp-frameworks-${CONFIGURATION}-input-files.xcfilelist",
			);
			name = "[CP] Embed Pods Frameworks";
			outputFileListPaths = (
				"${PODS_ROOT}/Target Support Files/Pods-FxFApp/Pods-FxFApp-frameworks-${CONFIGURATION}-output-files.xcfilelist",
			);
			runOnlyForDeploymentPostprocessing = 0;
			shellPath = /bin/sh;
			shellScript = "\"${PODS_ROOT}/Target Support Files/Pods-FxFApp/Pods-FxFApp-frameworks.sh\"\n";
			showEnvVarsInLog = 0;
		};
		A55EABD7B0C7F3A422A6CC61 /* [CP] Check Pods Manifest.lock */ = {
			isa = PBXShellScriptBuildPhase;
			buildActionMask = 2147483647;
			files = (
			);
			inputFileListPaths = (
			);
			inputPaths = (
				"${PODS_PODFILE_DIR_PATH}/Podfile.lock",
				"${PODS_ROOT}/Manifest.lock",
			);
			name = "[CP] Check Pods Manifest.lock";
			outputFileListPaths = (
			);
			outputPaths = (
				"$(DERIVED_FILE_DIR)/Pods-FxFApp-FxFAppTests-checkManifestLockResult.txt",
			);
			runOnlyForDeploymentPostprocessing = 0;
			shellPath = /bin/sh;
			shellScript = "diff \"${PODS_PODFILE_DIR_PATH}/Podfile.lock\" \"${PODS_ROOT}/Manifest.lock\" > /dev/null\nif [ $? != 0 ] ; then\n    # print error to STDERR\n    echo \"error: The sandbox is not in sync with the Podfile.lock. Run 'pod install' or update your CocoaPods installation.\" >&2\n    exit 1\nfi\n# This output is used by Xcode 'outputs' to avoid re-running this script phase.\necho \"SUCCESS\" > \"${SCRIPT_OUTPUT_FILE_0}\"\n";
			showEnvVarsInLog = 0;
		};
		C38B50BA6285516D6DCD4F65 /* [CP] Check Pods Manifest.lock */ = {
			isa = PBXShellScriptBuildPhase;
			buildActionMask = 2147483647;
			files = (
			);
			inputFileListPaths = (
			);
			inputPaths = (
				"${PODS_PODFILE_DIR_PATH}/Podfile.lock",
				"${PODS_ROOT}/Manifest.lock",
			);
			name = "[CP] Check Pods Manifest.lock";
			outputFileListPaths = (
			);
			outputPaths = (
				"$(DERIVED_FILE_DIR)/Pods-FxFApp-checkManifestLockResult.txt",
			);
			runOnlyForDeploymentPostprocessing = 0;
			shellPath = /bin/sh;
			shellScript = "diff \"${PODS_PODFILE_DIR_PATH}/Podfile.lock\" \"${PODS_ROOT}/Manifest.lock\" > /dev/null\nif [ $? != 0 ] ; then\n    # print error to STDERR\n    echo \"error: The sandbox is not in sync with the Podfile.lock. Run 'pod install' or update your CocoaPods installation.\" >&2\n    exit 1\nfi\n# This output is used by Xcode 'outputs' to avoid re-running this script phase.\necho \"SUCCESS\" > \"${SCRIPT_OUTPUT_FILE_0}\"\n";
			showEnvVarsInLog = 0;
		};
		C59DA0FBD6956966B86A3779 /* [CP] Embed Pods Frameworks */ = {
			isa = PBXShellScriptBuildPhase;
			buildActionMask = 2147483647;
			files = (
			);
			inputFileListPaths = (
				"${PODS_ROOT}/Target Support Files/Pods-FxFApp-FxFAppTests/Pods-FxFApp-FxFAppTests-frameworks-${CONFIGURATION}-input-files.xcfilelist",
			);
			name = "[CP] Embed Pods Frameworks";
			outputFileListPaths = (
				"${PODS_ROOT}/Target Support Files/Pods-FxFApp-FxFAppTests/Pods-FxFApp-FxFAppTests-frameworks-${CONFIGURATION}-output-files.xcfilelist",
			);
			runOnlyForDeploymentPostprocessing = 0;
			shellPath = /bin/sh;
			shellScript = "\"${PODS_ROOT}/Target Support Files/Pods-FxFApp-FxFAppTests/Pods-FxFApp-FxFAppTests-frameworks.sh\"\n";
			showEnvVarsInLog = 0;
		};
		E235C05ADACE081382539298 /* [CP] Copy Pods Resources */ = {
			isa = PBXShellScriptBuildPhase;
			buildActionMask = 2147483647;
			files = (
			);
			inputFileListPaths = (
				"${PODS_ROOT}/Target Support Files/Pods-FxFApp/Pods-FxFApp-resources-${CONFIGURATION}-input-files.xcfilelist",
			);
			name = "[CP] Copy Pods Resources";
			outputFileListPaths = (
				"${PODS_ROOT}/Target Support Files/Pods-FxFApp/Pods-FxFApp-resources-${CONFIGURATION}-output-files.xcfilelist",
			);
			runOnlyForDeploymentPostprocessing = 0;
			shellPath = /bin/sh;
			shellScript = "\"${PODS_ROOT}/Target Support Files/Pods-FxFApp/Pods-FxFApp-resources.sh\"\n";
			showEnvVarsInLog = 0;
		};
		F6A41C54EA430FDDC6A6ED99 /* [CP] Copy Pods Resources */ = {
			isa = PBXShellScriptBuildPhase;
			buildActionMask = 2147483647;
			files = (
			);
			inputFileListPaths = (
				"${PODS_ROOT}/Target Support Files/Pods-FxFApp-FxFAppTests/Pods-FxFApp-FxFAppTests-resources-${CONFIGURATION}-input-files.xcfilelist",
			);
			name = "[CP] Copy Pods Resources";
			outputFileListPaths = (
				"${PODS_ROOT}/Target Support Files/Pods-FxFApp-FxFAppTests/Pods-FxFApp-FxFAppTests-resources-${CONFIGURATION}-output-files.xcfilelist",
			);
			runOnlyForDeploymentPostprocessing = 0;
			shellPath = /bin/sh;
			shellScript = "\"${PODS_ROOT}/Target Support Files/Pods-FxFApp-FxFAppTests/Pods-FxFApp-FxFAppTests-resources.sh\"\n";
			showEnvVarsInLog = 0;
		};
		FD10A7F022414F080027D42C /* Start Packager */ = {
			isa = PBXShellScriptBuildPhase;
			buildActionMask = 2147483647;
			files = (
			);
			inputFileListPaths = (
			);
			inputPaths = (
			);
			name = "Start Packager";
			outputFileListPaths = (
			);
			outputPaths = (
			);
			runOnlyForDeploymentPostprocessing = 0;
			shellPath = /bin/sh;
			shellScript = "export RCT_METRO_PORT=\"${RCT_METRO_PORT:=8081}\"\necho \"export RCT_METRO_PORT=${RCT_METRO_PORT}\" > \"${SRCROOT}/../node_modules/react-native/scripts/.packager.env\"\nif [ -z \"${RCT_NO_LAUNCH_PACKAGER+xxx}\" ] ; then\n  if nc -w 5 -z localhost ${RCT_METRO_PORT} ; then\n    if ! curl -s \"http://localhost:${RCT_METRO_PORT}/status\" | grep -q \"packager-status:running\" ; then\n      echo \"Port ${RCT_METRO_PORT} already in use, packager is either not running or not running correctly\"\n      exit 2\n    fi\n  else\n    open \"$SRCROOT/../node_modules/react-native/scripts/launchPackager.command\" || echo \"Can't start packager automatically\"\n  fi\nfi\n";
			showEnvVarsInLog = 0;
		};
/* End PBXShellScriptBuildPhase section */

/* Begin PBXSourcesBuildPhase section */
		00E356EA1AD99517003FC87E /* Sources */ = {
			isa = PBXSourcesBuildPhase;
			buildActionMask = 2147483647;
			files = (
				00E356F31AD99517003FC87E /* FxFAppTests.m in Sources */,
			);
			runOnlyForDeploymentPostprocessing = 0;
		};
		13B07F871A680F5B00A75B9A /* Sources */ = {
			isa = PBXSourcesBuildPhase;
			buildActionMask = 2147483647;
			files = (
				13B07FBC1A68108700A75B9A /* AppDelegate.mm in Sources */,
				13B07FC11A68108700A75B9A /* main.m in Sources */,
			);
			runOnlyForDeploymentPostprocessing = 0;
		};
/* End PBXSourcesBuildPhase section */

/* Begin PBXTargetDependency section */
		00E356F51AD99517003FC87E /* PBXTargetDependency */ = {
			isa = PBXTargetDependency;
			target = 13B07F861A680F5B00A75B9A /* FxFApp */;
			targetProxy = 00E356F41AD99517003FC87E /* PBXContainerItemProxy */;
		};
/* End PBXTargetDependency section */

/* Begin XCBuildConfiguration section */
		00E356F61AD99517003FC87E /* Debug */ = {
			isa = XCBuildConfiguration;
			baseConfigurationReference = 5B7EB9410499542E8C5724F5 /* Pods-FxFApp-FxFAppTests.debug.xcconfig */;
			buildSettings = {
				BUNDLE_LOADER = "$(TEST_HOST)";
				GCC_PREPROCESSOR_DEFINITIONS = (
					"DEBUG=1",
					"$(inherited)",
				);
				INFOPLIST_FILE = FxFAppTests/Info.plist;
				IPHONEOS_DEPLOYMENT_TARGET = 12.4;
				LD_RUNPATH_SEARCH_PATHS = (
					"$(inherited)",
					"@executable_path/Frameworks",
					"@loader_path/Frameworks",
				);
				OTHER_LDFLAGS = (
					"-ObjC",
					"-lc++",
					"$(inherited)",
				);
				PRODUCT_BUNDLE_IDENTIFIER = "org.reactjs.native.example.$(PRODUCT_NAME:rfc1034identifier)";
				PRODUCT_NAME = "$(TARGET_NAME)";
				TEST_HOST = "$(BUILT_PRODUCTS_DIR)/FxFApp.app/FxFApp";
			};
			name = Debug;
		};
		00E356F71AD99517003FC87E /* Release */ = {
			isa = XCBuildConfiguration;
			baseConfigurationReference = 89C6BE57DB24E9ADA2F236DE /* Pods-FxFApp-FxFAppTests.release.xcconfig */;
			buildSettings = {
				BUNDLE_LOADER = "$(TEST_HOST)";
				COPY_PHASE_STRIP = NO;
				INFOPLIST_FILE = FxFAppTests/Info.plist;
				IPHONEOS_DEPLOYMENT_TARGET = 12.4;
				LD_RUNPATH_SEARCH_PATHS = (
					"$(inherited)",
					"@executable_path/Frameworks",
					"@loader_path/Frameworks",
				);
				OTHER_LDFLAGS = (
					"-ObjC",
					"-lc++",
					"$(inherited)",
				);
				PRODUCT_BUNDLE_IDENTIFIER = "org.reactjs.native.example.$(PRODUCT_NAME:rfc1034identifier)";
				PRODUCT_NAME = "$(TARGET_NAME)";
				TEST_HOST = "$(BUILT_PRODUCTS_DIR)/FxFApp.app/FxFApp";
			};
			name = Release;
		};
		13B07F941A680F5B00A75B9A /* Debug */ = {
			isa = XCBuildConfiguration;
			baseConfigurationReference = 3B4392A12AC88292D35C810B /* Pods-FxFApp.debug.xcconfig */;
			buildSettings = {
				ASSETCATALOG_COMPILER_APPICON_NAME = AppIcon;
				CLANG_ENABLE_MODULES = YES;
				CURRENT_PROJECT_VERSION = 1;
				DEVELOPMENT_TEAM = N675F57AF2;
				ENABLE_BITCODE = NO;
				INFOPLIST_FILE = FxFApp/Info.plist;
				LD_RUNPATH_SEARCH_PATHS = (
					"$(inherited)",
					"@executable_path/Frameworks",
				);
				MARKETING_VERSION = 1.0;
				OTHER_LDFLAGS = (
					"$(inherited)",
					"-ObjC",
					"-lc++",
				);
				PRODUCT_BUNDLE_IDENTIFIER = "org.reactjs.native.example.$(PRODUCT_NAME:rfc1034identifier)";
				PRODUCT_NAME = FxFApp;
				SWIFT_OPTIMIZATION_LEVEL = "-Onone";
				SWIFT_VERSION = 5.0;
				VERSIONING_SYSTEM = "apple-generic";
			};
			name = Debug;
		};
		13B07F951A680F5B00A75B9A /* Release */ = {
			isa = XCBuildConfiguration;
			baseConfigurationReference = 5709B34CF0A7D63546082F79 /* Pods-FxFApp.release.xcconfig */;
			buildSettings = {
				ASSETCATALOG_COMPILER_APPICON_NAME = AppIcon;
				CLANG_ENABLE_MODULES = YES;
				CURRENT_PROJECT_VERSION = 1;
				DEVELOPMENT_TEAM = N675F57AF2;
				INFOPLIST_FILE = FxFApp/Info.plist;
				LD_RUNPATH_SEARCH_PATHS = (
					"$(inherited)",
					"@executable_path/Frameworks",
				);
				MARKETING_VERSION = 1.0;
				OTHER_LDFLAGS = (
					"$(inherited)",
					"-ObjC",
					"-lc++",
				);
				PRODUCT_BUNDLE_IDENTIFIER = "org.reactjs.native.example.$(PRODUCT_NAME:rfc1034identifier)";
				PRODUCT_NAME = FxFApp;
				SWIFT_VERSION = 5.0;
				VERSIONING_SYSTEM = "apple-generic";
			};
			name = Release;
		};
		83CBBA201A601CBA00E9B192 /* Debug */ = {
			isa = XCBuildConfiguration;
			buildSettings = {
				ALWAYS_SEARCH_USER_PATHS = NO;
				CLANG_ANALYZER_LOCALIZABILITY_NONLOCALIZED = YES;
				CLANG_CXX_LANGUAGE_STANDARD = "c++17";
				CLANG_CXX_LIBRARY = "libc++";
				CLANG_ENABLE_MODULES = YES;
				CLANG_ENABLE_OBJC_ARC = YES;
				CLANG_WARN_BLOCK_CAPTURE_AUTORELEASING = YES;
				CLANG_WARN_BOOL_CONVERSION = YES;
				CLANG_WARN_COMMA = YES;
				CLANG_WARN_CONSTANT_CONVERSION = YES;
				CLANG_WARN_DEPRECATED_OBJC_IMPLEMENTATIONS = YES;
				CLANG_WARN_DIRECT_OBJC_ISA_USAGE = YES_ERROR;
				CLANG_WARN_EMPTY_BODY = YES;
				CLANG_WARN_ENUM_CONVERSION = YES;
				CLANG_WARN_INFINITE_RECURSION = YES;
				CLANG_WARN_INT_CONVERSION = YES;
				CLANG_WARN_NON_LITERAL_NULL_CONVERSION = YES;
				CLANG_WARN_OBJC_IMPLICIT_RETAIN_SELF = YES;
				CLANG_WARN_OBJC_LITERAL_CONVERSION = YES;
				CLANG_WARN_OBJC_ROOT_CLASS = YES_ERROR;
				CLANG_WARN_QUOTED_INCLUDE_IN_FRAMEWORK_HEADER = YES;
				CLANG_WARN_RANGE_LOOP_ANALYSIS = YES;
				CLANG_WARN_STRICT_PROTOTYPES = YES;
				CLANG_WARN_SUSPICIOUS_MOVE = YES;
				CLANG_WARN_UNREACHABLE_CODE = YES;
				CLANG_WARN__DUPLICATE_METHOD_MATCH = YES;
				"CODE_SIGN_IDENTITY[sdk=iphoneos*]" = "iPhone Developer";
				COPY_PHASE_STRIP = NO;
				ENABLE_STRICT_OBJC_MSGSEND = YES;
				ENABLE_TESTABILITY = YES;
				"EXCLUDED_ARCHS[sdk=iphonesimulator*]" = i386;
				GCC_C_LANGUAGE_STANDARD = gnu99;
				GCC_DYNAMIC_NO_PIC = NO;
				GCC_NO_COMMON_BLOCKS = YES;
				GCC_OPTIMIZATION_LEVEL = 0;
				GCC_PREPROCESSOR_DEFINITIONS = (
					"DEBUG=1",
					"$(inherited)",
					_LIBCPP_ENABLE_CXX17_REMOVED_UNARY_BINARY_FUNCTION,
				);
				GCC_SYMBOLS_PRIVATE_EXTERN = NO;
				GCC_WARN_64_TO_32_BIT_CONVERSION = YES;
				GCC_WARN_ABOUT_RETURN_TYPE = YES_ERROR;
				GCC_WARN_UNDECLARED_SELECTOR = YES;
				GCC_WARN_UNINITIALIZED_AUTOS = YES_AGGRESSIVE;
				GCC_WARN_UNUSED_FUNCTION = YES;
				GCC_WARN_UNUSED_VARIABLE = YES;
				IPHONEOS_DEPLOYMENT_TARGET = 12.4;
				LD_RUNPATH_SEARCH_PATHS = (
					/usr/lib/swift,
					"$(inherited)",
				);
				LIBRARY_SEARCH_PATHS = (
					"\"$(SDKROOT)/usr/lib/swift\"",
					"\"$(TOOLCHAIN_DIR)/usr/lib/swift/$(PLATFORM_NAME)\"",
					"\"$(inherited)\"",
				);
				MTL_ENABLE_DEBUG_INFO = YES;
				ONLY_ACTIVE_ARCH = YES;
				OTHER_CFLAGS = "$(inherited)";
				OTHER_CPLUSPLUSFLAGS = (
					"$(OTHER_CFLAGS)",
					"-DFOLLY_NO_CONFIG",
					"-DFOLLY_MOBILE=1",
					"-DFOLLY_USE_LIBCPP=1",
				);
				OTHER_LDFLAGS = (
					"$(inherited)",
					"-Wl",
					"-ld_classic",
				);
				REACT_NATIVE_PATH = "${PODS_ROOT}/../../node_modules/react-native";
				SDKROOT = iphoneos;
			};
			name = Debug;
		};
		83CBBA211A601CBA00E9B192 /* Release */ = {
			isa = XCBuildConfiguration;
			buildSettings = {
				ALWAYS_SEARCH_USER_PATHS = NO;
				CLANG_ANALYZER_LOCALIZABILITY_NONLOCALIZED = YES;
				CLANG_CXX_LANGUAGE_STANDARD = "c++17";
				CLANG_CXX_LIBRARY = "libc++";
				CLANG_ENABLE_MODULES = YES;
				CLANG_ENABLE_OBJC_ARC = YES;
				CLANG_WARN_BLOCK_CAPTURE_AUTORELEASING = YES;
				CLANG_WARN_BOOL_CONVERSION = YES;
				CLANG_WARN_COMMA = YES;
				CLANG_WARN_CONSTANT_CONVERSION = YES;
				CLANG_WARN_DEPRECATED_OBJC_IMPLEMENTATIONS = YES;
				CLANG_WARN_DIRECT_OBJC_ISA_USAGE = YES_ERROR;
				CLANG_WARN_EMPTY_BODY = YES;
				CLANG_WARN_ENUM_CONVERSION = YES;
				CLANG_WARN_INFINITE_RECURSION = YES;
				CLANG_WARN_INT_CONVERSION = YES;
				CLANG_WARN_NON_LITERAL_NULL_CONVERSION = YES;
				CLANG_WARN_OBJC_IMPLICIT_RETAIN_SELF = YES;
				CLANG_WARN_OBJC_LITERAL_CONVERSION = YES;
				CLANG_WARN_OBJC_ROOT_CLASS = YES_ERROR;
				CLANG_WARN_QUOTED_INCLUDE_IN_FRAMEWORK_HEADER = YES;
				CLANG_WARN_RANGE_LOOP_ANALYSIS = YES;
				CLANG_WARN_STRICT_PROTOTYPES = YES;
				CLANG_WARN_SUSPICIOUS_MOVE = YES;
				CLANG_WARN_UNREACHABLE_CODE = YES;
				CLANG_WARN__DUPLICATE_METHOD_MATCH = YES;
				"CODE_SIGN_IDENTITY[sdk=iphoneos*]" = "iPhone Developer";
				COPY_PHASE_STRIP = YES;
				ENABLE_NS_ASSERTIONS = NO;
				ENABLE_STRICT_OBJC_MSGSEND = YES;
				"EXCLUDED_ARCHS[sdk=iphonesimulator*]" = i386;
				GCC_C_LANGUAGE_STANDARD = gnu99;
				GCC_NO_COMMON_BLOCKS = YES;
				GCC_PREPROCESSOR_DEFINITIONS = (
					"$(inherited)",
					_LIBCPP_ENABLE_CXX17_REMOVED_UNARY_BINARY_FUNCTION,
				);
				GCC_WARN_64_TO_32_BIT_CONVERSION = YES;
				GCC_WARN_ABOUT_RETURN_TYPE = YES_ERROR;
				GCC_WARN_UNDECLARED_SELECTOR = YES;
				GCC_WARN_UNINITIALIZED_AUTOS = YES_AGGRESSIVE;
				GCC_WARN_UNUSED_FUNCTION = YES;
				GCC_WARN_UNUSED_VARIABLE = YES;
				IPHONEOS_DEPLOYMENT_TARGET = 12.4;
				LD_RUNPATH_SEARCH_PATHS = (
					/usr/lib/swift,
					"$(inherited)",
				);
				LIBRARY_SEARCH_PATHS = (
					"\"$(SDKROOT)/usr/lib/swift\"",
					"\"$(TOOLCHAIN_DIR)/usr/lib/swift/$(PLATFORM_NAME)\"",
					"\"$(inherited)\"",
				);
				MTL_ENABLE_DEBUG_INFO = NO;
				OTHER_CFLAGS = "$(inherited)";
				OTHER_CPLUSPLUSFLAGS = (
					"$(OTHER_CFLAGS)",
					"-DFOLLY_NO_CONFIG",
					"-DFOLLY_MOBILE=1",
					"-DFOLLY_USE_LIBCPP=1",
				);
				OTHER_LDFLAGS = (
					"$(inherited)",
					"-Wl",
					"-ld_classic",
				);
				REACT_NATIVE_PATH = "${PODS_ROOT}/../../node_modules/react-native";
				SDKROOT = iphoneos;
				VALIDATE_PRODUCT = YES;
			};
			name = Release;
		};
/* End XCBuildConfiguration section */

/* Begin XCConfigurationList section */
		00E357021AD99517003FC87E /* Build configuration list for PBXNativeTarget "FxFAppTests" */ = {
			isa = XCConfigurationList;
			buildConfigurations = (
				00E356F61AD99517003FC87E /* Debug */,
				00E356F71AD99517003FC87E /* Release */,
			);
			defaultConfigurationIsVisible = 0;
			defaultConfigurationName = Release;
		};
		13B07F931A680F5B00A75B9A /* Build configuration list for PBXNativeTarget "FxFApp" */ = {
			isa = XCConfigurationList;
			buildConfigurations = (
				13B07F941A680F5B00A75B9A /* Debug */,
				13B07F951A680F5B00A75B9A /* Release */,
			);
			defaultConfigurationIsVisible = 0;
			defaultConfigurationName = Release;
		};
		83CBB9FA1A601CBA00E9B192 /* Build configuration list for PBXProject "FxFApp" */ = {
			isa = XCConfigurationList;
			buildConfigurations = (
				83CBBA201A601CBA00E9B192 /* Debug */,
				83CBBA211A601CBA00E9B192 /* Release */,
			);
			defaultConfigurationIsVisible = 0;
			defaultConfigurationName = Release;
		};
/* End XCConfigurationList section */
	};
	rootObject = 83CBB9F71A601CBA00E9B192 /* Project object */;
}
